
Microsoft Visual Studio Solution File, Format Version 12.00
# Visual Studio Version 16
VisualStudioVersion = 16.0.29509.3
MinimumVisualStudioVersion = 10.0.40219.1
Project("{FAE04EC0-301F-11D3-BF4B-00C04F79EFBC}") = "InvoiceManger", "InvoiceManger\InvoiceManger.csproj", "{70FF9AA1-F97B-4F83-BF3D-0C7C3FAA3717}"
EndProject
Global
	GlobalSection(SolutionConfigurationPlatforms) = preSolution
		Debug|Any CPU = Debug|Any CPU
		Release|Any CPU = Release|Any CPU
	EndGlobalSection
	GlobalSection(ProjectConfigurationPlatforms) = postSolution
		{70FF9AA1-F97B-4F83-BF3D-0C7C3FAA3717}.Debug|Any CPU.ActiveCfg = Debug|Any CPU
		{70FF9AA1-F97B-4F83-BF3D-0C7C3FAA3717}.Debug|Any CPU.Build.0 = Debug|Any CPU
		{70FF9AA1-F97B-4F83-BF3D-0C7C3FAA3717}.Release|Any CPU.ActiveCfg = Release|Any CPU
		{70FF9AA1-F97B-4F83-BF3D-0C7C3FAA3717}.Release|Any CPU.Build.0 = Release|Any CPU
	EndGlobalSection
	GlobalSection(SolutionProperties) = preSolution
		HideSolutionNode = FALSE
	EndGlobalSection
	GlobalSection(ExtensibilityGlobals) = postSolution
		SolutionGuid = {2DA75BB3-0AEE-41EE-8E13-4DA490D7D5DF}
	EndGlobalSection
EndGlobal
